
Microsoft Visual Studio Solution File, Format Version 12.00
# Visual Studio 14
VisualStudioVersion = 14.0.23107.0
MinimumVisualStudioVersion = 10.0.40219.1
Project("{1B19158F-E398-40A6-8E3B-350508E125F1}") = "OneRed.TableStat", "OneRed.TableStat\OneRed.TableStat.dxjsproj", "{B8F71622-DA73-4969-BA3B-65218F42E9DF}"
EndProject
Global
	GlobalSection(SolutionConfigurationPlatforms) = preSolution
		Debug|Any CPU = Debug|Any CPU
		Release|Any CPU = Release|Any CPU
	EndGlobalSection
	GlobalSection(ProjectConfigurationPlatforms) = postSolution
		{B8F71622-DA73-4969-BA3B-65218F42E9DF}.Debug|Any CPU.ActiveCfg = Debug|Any CPU
		{B8F71622-DA73-4969-BA3B-65218F42E9DF}.Debug|Any CPU.Build.0 = Debug|Any CPU
		{B8F71622-DA73-4969-BA3B-65218F42E9DF}.Release|Any CPU.ActiveCfg = Release|Any CPU
		{B8F71622-DA73-4969-BA3B-65218F42E9DF}.Release|Any CPU.Build.0 = Release|Any CPU
	EndGlobalSection
	GlobalSection(SolutionProperties) = preSolution
		HideSolutionNode = FALSE
	EndGlobalSection
EndGlobal
